// !$*UTF8*$!
{
	archiveVersion = 1;
	classes = {
	};
	objectVersion = 50;
	objects = {

/* Begin PBXBuildFile section */
		8D990D932193D533008959C9 /* AppDelegate.m in Sources */ = {isa = PBXBuildFile; fileRef = 8D990D922193D533008959C9 /* AppDelegate.m */; };
		8D990D962193D533008959C9 /* ViewController.m in Sources */ = {isa = PBXBuildFile; fileRef = 8D990D952193D533008959C9 /* ViewController.m */; };
		8D990D992193D533008959C9 /* Main.storyboard in Resources */ = {isa = PBXBuildFile; fileRef = 8D990D972193D533008959C9 /* Main.storyboard */; };
		8D990D9B2193D536008959C9 /* Assets.xcassets in Resources */ = {isa = PBXBuildFile; fileRef = 8D990D9A2193D536008959C9 /* Assets.xcassets */; };
		8D990D9E2193D536008959C9 /* LaunchScreen.storyboard in Resources */ = {isa = PBXBuildFile; fileRef = 8D990D9C2193D536008959C9 /* LaunchScreen.storyboard */; };
		8D990DA12193D536008959C9 /* main.m in Sources */ = {isa = PBXBuildFile; fileRef = 8D990DA02193D536008959C9 /* main.m */; };
		8D990DAB2193D536008959C9 /* UDPServerTests.m in Sources */ = {isa = PBXBuildFile; fileRef = 8D990DAA2193D536008959C9 /* UDPServerTests.m */; };
		8D990DB62193D536008959C9 /* UDPServerUITests.m in Sources */ = {isa = PBXBuildFile; fileRef = 8D990DB52193D536008959C9 /* UDPServerUITests.m */; };
		8D990DF42193DD15008959C9 /* Documentation.html in Resources */ = {isa = PBXBuildFile; fileRef = 8D990DEF2193DD15008959C9 /* Documentation.html */; };
		8D990DF52193DD15008959C9 /* GCDAsyncUdpSocket.m in Sources */ = {isa = PBXBuildFile; fileRef = 8D990DF02193DD15008959C9 /* GCDAsyncUdpSocket.m */; };
		8D990DF62193DD15008959C9 /* GCDAsyncSocket.m in Sources */ = {isa = PBXBuildFile; fileRef = 8D990DF12193DD15008959C9 /* GCDAsyncSocket.m */; };
/* End PBXBuildFile section */

/* Begin PBXContainerItemProxy section */
		8D990DA72193D536008959C9 /* PBXContainerItemProxy */ = {
			isa = PBXContainerItemProxy;
			containerPortal = 8D990D862193D533008959C9 /* Project object */;
			proxyType = 1;
			remoteGlobalIDString = 8D990D8D2193D533008959C9;
			remoteInfo = UDPServer;
		};
		8D990DB22193D536008959C9 /* PBXContainerItemProxy */ = {
			isa = PBXContainerItemProxy;
			containerPortal = 8D990D862193D533008959C9 /* Project object */;
			proxyType = 1;
			remoteGlobalIDString = 8D990D8D2193D533008959C9;
			remoteInfo = UDPServer;
		};
/* End PBXContainerItemProxy section */

/* Begin PBXFileReference section */
		8D990D8E2193D533008959C9 /* UDPServer.app */ = {isa = PBXFileReference; explicitFileType = wrapper.application; includeInIndex = 0; path = UDPServer.app; sourceTree = BUILT_PRODUCTS_DIR; };
		8D990D912193D533008959C9 /* AppDelegate.h */ = {isa = PBXFileReference; lastKnownFileType = sourcecode.c.h; path = AppDelegate.h; sourceTree = "<group>"; };
		8D990D922193D533008959C9 /* AppDelegate.m */ = {isa = PBXFileReference; lastKnownFileType = sourcecode.c.objc; path = AppDelegate.m; sourceTree = "<group>"; };
		8D990D942193D533008959C9 /* ViewController.h */ = {isa = PBXFileReference; lastKnownFileType = sourcecode.c.h; path = ViewController.h; sourceTree = "<group>"; };
		8D990D952193D533008959C9 /* ViewController.m */ = {isa = PBXFileReference; lastKnownFileType = sourcecode.c.objc; path = ViewController.m; sourceTree = "<group>"; };
		8D990D982193D533008959C9 /* Base */ = {isa = PBXFileReference; lastKnownFileType = file.storyboard; name = Base; path = Base.lproj/Main.storyboard; sourceTree = "<group>"; };
		8D990D9A2193D536008959C9 /* Assets.xcassets */ = {isa = PBXFileReference; lastKnownFileType = folder.assetcatalog; path = Assets.xcassets; sourceTree = "<group>"; };
		8D990D9D2193D536008959C9 /* Base */ = {isa = PBXFileReference; lastKnownFileType = file.storyboard; name = Base; path = Base.lproj/LaunchScreen.storyboard; sourceTree = "<group>"; };
		8D990D9F2193D536008959C9 /* Info.plist */ = {isa = PBXFileReference; lastKnownFileType = text.plist.xml; path = Info.plist; sourceTree = "<group>"; };
		8D990DA02193D536008959C9 /* main.m */ = {isa = PBXFileReference; lastKnownFileType = sourcecode.c.objc; path = main.m; sourceTree = "<group>"; };
		8D990DA62193D536008959C9 /* UDPServerTests.xctest */ = {isa = PBXFileReference; explicitFileType = wrapper.cfbundle; includeInIndex = 0; path = UDPServerTests.xctest; sourceTree = BUILT_PRODUCTS_DIR; };
		8D990DAA2193D536008959C9 /* UDPServerTests.m */ = {isa = PBXFileReference; lastKnownFileType = sourcecode.c.objc; path = UDPServerTests.m; sourceTree = "<group>"; };
		8D990DAC2193D536008959C9 /* Info.plist */ = {isa = PBXFileReference; lastKnownFileType = text.plist.xml; path = Info.plist; sourceTree = "<group>"; };
		8D990DB12193D536008959C9 /* UDPServerUITests.xctest */ = {isa = PBXFileReference; explicitFileType = wrapper.cfbundle; includeInIndex = 0; path = UDPServerUITests.xctest; sourceTree = BUILT_PRODUCTS_DIR; };
		8D990DB52193D536008959C9 /* UDPServerUITests.m */ = {isa = PBXFileReference; lastKnownFileType = sourcecode.c.objc; path = UDPServerUITests.m; sourceTree = "<group>"; };
		8D990DB72193D536008959C9 /* Info.plist */ = {isa = PBXFileReference; lastKnownFileType = text.plist.xml; path = Info.plist; sourceTree = "<group>"; };
		8D990DEF2193DD15008959C9 /* Documentation.html */ = {isa = PBXFileReference; fileEncoding = 4; lastKnownFileType = text.html; path = Documentation.html; sourceTree = "<group>"; };
		8D990DF02193DD15008959C9 /* GCDAsyncUdpSocket.m */ = {isa = PBXFileReference; fileEncoding = 4; lastKnownFileType = sourcecode.c.objc; path = GCDAsyncUdpSocket.m; sourceTree = "<group>"; };
		8D990DF12193DD15008959C9 /* GCDAsyncSocket.m */ = {isa = PBXFileReference; fileEncoding = 4; lastKnownFileType = sourcecode.c.objc; path = GCDAsyncSocket.m; sourceTree = "<group>"; };
		8D990DF22193DD15008959C9 /* GCDAsyncUdpSocket.h */ = {isa = PBXFileReference; fileEncoding = 4; lastKnownFileType = sourcecode.c.h; path = GCDAsyncUdpSocket.h; sourceTree = "<group>"; };
		8D990DF32193DD15008959C9 /* GCDAsyncSocket.h */ = {isa = PBXFileReference; fileEncoding = 4; lastKnownFileType = sourcecode.c.h; path = GCDAsyncSocket.h; sourceTree = "<group>"; };
/* End PBXFileReference section */

/* Begin PBXFrameworksBuildPhase section */
		8D990D8B2193D533008959C9 /* Frameworks */ = {
			isa = PBXFrameworksBuildPhase;
			buildActionMask = 2147483647;
			files = (
			);
			runOnlyForDeploymentPostprocessing = 0;
		};
		8D990DA32193D536008959C9 /* Frameworks */ = {
			isa = PBXFrameworksBuildPhase;
			buildActionMask = 2147483647;
			files = (
			);
			runOnlyForDeploymentPostprocessing = 0;
		};
		8D990DAE2193D536008959C9 /* Frameworks */ = {
			isa = PBXFrameworksBuildPhase;
			buildActionMask = 2147483647;
			files = (
			);
			runOnlyForDeploymentPostprocessing = 0;
		};
/* End PBXFrameworksBuildPhase section */

/* Begin PBXGroup section */
		8D990D852193D533008959C9 = {
			isa = PBXGroup;
			children = (
				8D990D902193D533008959C9 /* UDPServer */,
				8D990DA92193D536008959C9 /* UDPServerTests */,
				8D990DB42193D536008959C9 /* UDPServerUITests */,
				8D990D8F2193D533008959C9 /* Products */,
			);
			sourceTree = "<group>";
		};
		8D990D8F2193D533008959C9 /* Products */ = {
			isa = PBXGroup;
			children = (
				8D990D8E2193D533008959C9 /* UDPServer.app */,
				8D990DA62193D536008959C9 /* UDPServerTests.xctest */,
				8D990DB12193D536008959C9 /* UDPServerUITests.xctest */,
			);
			name = Products;
			sourceTree = "<group>";
		};
		8D990D902193D533008959C9 /* UDPServer */ = {
			isa = PBXGroup;
			children = (
				8D990DEE2193DD15008959C9 /* GCD */,
				8D990D912193D533008959C9 /* AppDelegate.h */,
				8D990D922193D533008959C9 /* AppDelegate.m */,
				8D990D942193D533008959C9 /* ViewController.h */,
				8D990D952193D533008959C9 /* ViewController.m */,
				8D990D972193D533008959C9 /* Main.storyboard */,
				8D990D9A2193D536008959C9 /* Assets.xcassets */,
				8D990D9C2193D536008959C9 /* LaunchScreen.storyboard */,
				8D990D9F2193D536008959C9 /* Info.plist */,
				8D990DA02193D536008959C9 /* main.m */,
			);
			path = UDPServer;
			sourceTree = "<group>";
		};
		8D990DA92193D536008959C9 /* UDPServerTests */ = {
			isa = PBXGroup;
			children = (
				8D990DAA2193D536008959C9 /* UDPServerTests.m */,
				8D990DAC2193D536008959C9 /* Info.plist */,
			);
			path = UDPServerTests;
			sourceTree = "<group>";
		};
		8D990DB42193D536008959C9 /* UDPServerUITests */ = {
			isa = PBXGroup;
			children = (
				8D990DB52193D536008959C9 /* UDPServerUITests.m */,
				8D990DB72193D536008959C9 /* Info.plist */,
			);
			path = UDPServerUITests;
			sourceTree = "<group>";
		};
		8D990DEE2193DD15008959C9 /* GCD */ = {
			isa = PBXGroup;
			children = (
				8D990DEF2193DD15008959C9 /* Documentation.html */,
				8D990DF02193DD15008959C9 /* GCDAsyncUdpSocket.m */,
				8D990DF12193DD15008959C9 /* GCDAsyncSocket.m */,
				8D990DF22193DD15008959C9 /* GCDAsyncUdpSocket.h */,
				8D990DF32193DD15008959C9 /* GCDAsyncSocket.h */,
			);
			path = GCD;
			sourceTree = "<group>";
		};
/* End PBXGroup section */

/* Begin PBXNativeTarget section */
		8D990D8D2193D533008959C9 /* UDPServer */ = {
			isa = PBXNativeTarget;
			buildConfigurationList = 8D990DBA2193D536008959C9 /* Build configuration list for PBXNativeTarget "UDPServer" */;
			buildPhases = (
				8D990D8A2193D533008959C9 /* Sources */,
				8D990D8B2193D533008959C9 /* Frameworks */,
				8D990D8C2193D533008959C9 /* Resources */,
			);
			buildRules = (
			);
			dependencies = (
			);
			name = UDPServer;
			productName = UDPServer;
			productReference = 8D990D8E2193D533008959C9 /* UDPServer.app */;
			productType = "com.apple.product-type.application";
		};
		8D990DA52193D536008959C9 /* UDPServerTests */ = {
			isa = PBXNativeTarget;
			buildConfigurationList = 8D990DBD2193D536008959C9 /* Build configuration list for PBXNativeTarget "UDPServerTests" */;
			buildPhases = (
				8D990DA22193D536008959C9 /* Sources */,
				8D990DA32193D536008959C9 /* Frameworks */,
				8D990DA42193D536008959C9 /* Resources */,
			);
			buildRules = (
			);
			dependencies = (
				8D990DA82193D536008959C9 /* PBXTargetDependency */,
			);
			name = UDPServerTests;
			productName = UDPServerTests;
			productReference = 8D990DA62193D536008959C9 /* UDPServerTests.xctest */;
			productType = "com.apple.product-type.bundle.unit-test";
		};
		8D990DB02193D536008959C9 /* UDPServerUITests */ = {
			isa = PBXNativeTarget;
			buildConfigurationList = 8D990DC02193D536008959C9 /* Build configuration list for PBXNativeTarget "UDPServerUITests" */;
			buildPhases = (
				8D990DAD2193D536008959C9 /* Sources */,
				8D990DAE2193D536008959C9 /* Frameworks */,
				8D990DAF2193D536008959C9 /* Resources */,
			);
			buildRules = (
			);
			dependencies = (
				8D990DB32193D536008959C9 /* PBXTargetDependency */,
			);
			name = UDPServerUITests;
			productName = UDPServerUITests;
			productReference = 8D990DB12193D536008959C9 /* UDPServerUITests.xctest */;
			productType = "com.apple.product-type.bundle.ui-testing";
		};
/* End PBXNativeTarget section */

/* Begin PBXProject section */
		8D990D862193D533008959C9 /* Project object */ = {
			isa = PBXProject;
			attributes = {
				LastUpgradeCheck = 1000;
				ORGANIZATIONNAME = MM;
				TargetAttributes = {
					8D990D8D2193D533008959C9 = {
						CreatedOnToolsVersion = 10.0;
					};
					8D990DA52193D536008959C9 = {
						CreatedOnToolsVersion = 10.0;
						TestTargetID = 8D990D8D2193D533008959C9;
					};
					8D990DB02193D536008959C9 = {
						CreatedOnToolsVersion = 10.0;
						TestTargetID = 8D990D8D2193D533008959C9;
					};
				};
			};
			buildConfigurationList = 8D990D892193D533008959C9 /* Build configuration list for PBXProject "UDPServer" */;
			compatibilityVersion = "Xcode 9.3";
			developmentRegion = en;
			hasScannedForEncodings = 0;
			knownRegions = (
				en,
				Base,
			);
			mainGroup = 8D990D852193D533008959C9;
			productRefGroup = 8D990D8F2193D533008959C9 /* Products */;
			projectDirPath = "";
			projectRoot = "";
			targets = (
				8D990D8D2193D533008959C9 /* UDPServer */,
				8D990DA52193D536008959C9 /* UDPServerTests */,
				8D990DB02193D536008959C9 /* UDPServerUITests */,
			);
		};
/* End PBXProject section */

/* Begin PBXResourcesBuildPhase section */
		8D990D8C2193D533008959C9 /* Resources */ = {
			isa = PBXResourcesBuildPhase;
			buildActionMask = 2147483647;
			files = (
				8D990D9E2193D536008959C9 /* LaunchScreen.storyboard in Resources */,
				8D990D9B2193D536008959C9 /* Assets.xcassets in Resources */,
				8D990D992193D533008959C9 /* Main.storyboard in Resources */,
				8D990DF42193DD15008959C9 /* Documentation.html in Resources */,
			);
			runOnlyForDeploymentPostprocessing = 0;
		};
		8D990DA42193D536008959C9 /* Resources */ = {
			isa = PBXResourcesBuildPhase;
			buildActionMask = 2147483647;
			files = (
			);
			runOnlyForDeploymentPostprocessing = 0;
		};
		8D990DAF2193D536008959C9 /* Resources */ = {
			isa = PBXResourcesBuildPhase;
			buildActionMask = 2147483647;
			files = (
			);
			runOnlyForDeploymentPostprocessing = 0;
		};
/* End PBXResourcesBuildPhase section */

/* Begin PBXSourcesBuildPhase section */
		8D990D8A2193D533008959C9 /* Sources */ = {
			isa = PBXSourcesBuildPhase;
			buildActionMask = 2147483647;
			files = (
				8D990DF52193DD15008959C9 /* GCDAsyncUdpSocket.m in Sources */,
				8D990DF62193DD15008959C9 /* GCDAsyncSocket.m in Sources */,
				8D990D962193D533008959C9 /* ViewController.m in Sources */,
				8D990DA12193D536008959C9 /* main.m in Sources */,
				8D990D932193D533008959C9 /* AppDelegate.m in Sources */,
			);
			runOnlyForDeploymentPostprocessing = 0;
		};
		8D990DA22193D536008959C9 /* Sources */ = {
			isa = PBXSourcesBuildPhase;
			buildActionMask = 2147483647;
			files = (
				8D990DAB2193D536008959C9 /* UDPServerTests.m in Sources */,
			);
			runOnlyForDeploymentPostprocessing = 0;
		};
		8D990DAD2193D536008959C9 /* Sources */ = {
			isa = PBXSourcesBuildPhase;
			buildActionMask = 2147483647;
			files = (
				8D990DB62193D536008959C9 /* UDPServerUITests.m in Sources */,
			);
			runOnlyForDeploymentPostprocessing = 0;
		};
/* End PBXSourcesBuildPhase section */

/* Begin PBXTargetDependency section */
		8D990DA82193D536008959C9 /* PBXTargetDependency */ = {
			isa = PBXTargetDependency;
			target = 8D990D8D2193D533008959C9 /* UDPServer */;
			targetProxy = 8D990DA72193D536008959C9 /* PBXContainerItemProxy */;
		};
		8D990DB32193D536008959C9 /* PBXTargetDependency */ = {
			isa = PBXTargetDependency;
			target = 8D990D8D2193D533008959C9 /* UDPServer */;
			targetProxy = 8D990DB22193D536008959C9 /* PBXContainerItemProxy */;
		};
/* End PBXTargetDependency section */

/* Begin PBXVariantGroup section */
		8D990D972193D533008959C9 /* Main.storyboard */ = {
			isa = PBXVariantGroup;
			children = (
				8D990D982193D533008959C9 /* Base */,
			);
			name = Main.storyboard;
			sourceTree = "<group>";
		};
		8D990D9C2193D536008959C9 /* LaunchScreen.storyboard */ = {
			isa = PBXVariantGroup;
			children = (
				8D990D9D2193D536008959C9 /* Base */,
			);
			name = LaunchScreen.storyboard;
			sourceTree = "<group>";
		};
/* End PBXVariantGroup section */

/* Begin XCBuildConfiguration section */
		8D990DB82193D536008959C9 /* Debug */ = {
			isa = XCBuildConfiguration;
			buildSettings = {
				ALWAYS_SEARCH_USER_PATHS = NO;
				CLANG_ANALYZER_NONNULL = YES;
				CLANG_ANALYZER_NUMBER_OBJECT_CONVERSION = YES_AGGRESSIVE;
				CLANG_CXX_LANGUAGE_STANDARD = "gnu++14";
				CLANG_CXX_LIBRARY = "libc++";
				CLANG_ENABLE_MODULES = YES;
				CLANG_ENABLE_OBJC_ARC = YES;
				CLANG_ENABLE_OBJC_WEAK = YES;
				CLANG_WARN_BLOCK_CAPTURE_AUTORELEASING = YES;
				CLANG_WARN_BOOL_CONVERSION = YES;
				CLANG_WARN_COMMA = YES;
				CLANG_WARN_CONSTANT_CONVERSION = YES;
				CLANG_WARN_DEPRECATED_OBJC_IMPLEMENTATIONS = YES;
				CLANG_WARN_DIRECT_OBJC_ISA_USAGE = YES_ERROR;
				CLANG_WARN_DOCUMENTATION_COMMENTS = YES;
				CLANG_WARN_EMPTY_BODY = YES;
				CLANG_WARN_ENUM_CONVERSION = YES;
				CLANG_WARN_INFINITE_RECURSION = YES;
				CLANG_WARN_INT_CONVERSION = YES;
				CLANG_WARN_NON_LITERAL_NULL_CONVERSION = YES;
				CLANG_WARN_OBJC_IMPLICIT_RETAIN_SELF = YES;
				CLANG_WARN_OBJC_LITERAL_CONVERSION = YES;
				CLANG_WARN_OBJC_ROOT_CLASS = YES_ERROR;
				CLANG_WARN_RANGE_LOOP_ANALYSIS = YES;
				CLANG_WARN_STRICT_PROTOTYPES = YES;
				CLANG_WARN_SUSPICIOUS_MOVE = YES;
				CLANG_WARN_UNGUARDED_AVAILABILITY = YES_AGGRESSIVE;
				CLANG_WARN_UNREACHABLE_CODE = YES;
				CLANG_WARN__DUPLICATE_METHOD_MATCH = YES;
				CODE_SIGN_IDENTITY = "iPhone Developer";
				COPY_PHASE_STRIP = NO;
				DEBUG_INFORMATION_FORMAT = dwarf;
				ENABLE_STRICT_OBJC_MSGSEND = YES;
				ENABLE_TESTABILITY = YES;
				GCC_C_LANGUAGE_STANDARD = gnu11;
				GCC_DYNAMIC_NO_PIC = NO;
				GCC_NO_COMMON_BLOCKS = YES;
				GCC_OPTIMIZATION_LEVEL = 0;
				GCC_PREPROCESSOR_DEFINITIONS = (
					"DEBUG=1",
					"$(inherited)",
				);
				GCC_WARN_64_TO_32_BIT_CONVERSION = YES;
				GCC_WARN_ABOUT_RETURN_TYPE = YES_ERROR;
				GCC_WARN_UNDECLARED_SELECTOR = YES;
				GCC_WARN_UNINITIALIZED_AUTOS = YES_AGGRESSIVE;
				GCC_WARN_UNUSED_FUNCTION = YES;
				GCC_WARN_UNUSED_VARIABLE = YES;
				IPHONEOS_DEPLOYMENT_TARGET = 12.0;
				MTL_ENABLE_DEBUG_INFO = INCLUDE_SOURCE;
				MTL_FAST_MATH = YES;
				ONLY_ACTIVE_ARCH = YES;
				SDKROOT = iphoneos;
			};
			name = Debug;
		};
		8D990DB92193D536008959C9 /* Release */ = {
			isa = XCBuildConfiguration;
			buildSettings = {
				ALWAYS_SEARCH_USER_PATHS = NO;
				CLANG_ANALYZER_NONNULL = YES;
				CLANG_ANALYZER_NUMBER_OBJECT_CONVERSION = YES_AGGRESSIVE;
				CLANG_CXX_LANGUAGE_STANDARD = "gnu++14";
				CLANG_CXX_LIBRARY = "libc++";
				CLANG_ENABLE_MODULES = YES;
				CLANG_ENABLE_OBJC_ARC = YES;
				CLANG_ENABLE_OBJC_WEAK = YES;
				CLANG_WARN_BLOCK_CAPTURE_AUTORELEASING = YES;
				CLANG_WARN_BOOL_CONVERSION = YES;
				CLANG_WARN_COMMA = YES;
				CLANG_WARN_CONSTANT_CONVERSION = YES;
				CLANG_WARN_DEPRECATED_OBJC_IMPLEMENTATIONS = YES;
				CLANG_WARN_DIRECT_OBJC_ISA_USAGE = YES_ERROR;
				CLANG_WARN_DOCUMENTATION_COMMENTS = YES;
				CLANG_WARN_EMPTY_BODY = YES;
				CLANG_WARN_ENUM_CONVERSION = YES;
				CLANG_WARN_INFINITE_RECURSION = YES;
				CLANG_WARN_INT_CONVERSION = YES;
				CLANG_WARN_NON_LITERAL_NULL_CONVERSION = YES;
				CLANG_WARN_OBJC_IMPLICIT_RETAIN_SELF = YES;
				CLANG_WARN_OBJC_LITERAL_CONVERSION = YES;
				CLANG_WARN_OBJC_ROOT_CLASS = YES_ERROR;
				CLANG_WARN_RANGE_LOOP_ANALYSIS = YES;
				CLANG_WARN_STRICT_PROTOTYPES = YES;
				CLANG_WARN_SUSPICIOUS_MOVE = YES;
				CLANG_WARN_UNGUARDED_AVAILABILITY = YES_AGGRESSIVE;
				CLANG_WARN_UNREACHABLE_CODE = YES;
				CLANG_WARN__DUPLICATE_METHOD_MATCH = YES;
				CODE_SIGN_IDENTITY = "iPhone Developer";
				COPY_PHASE_STRIP = NO;
				DEBUG_INFORMATION_FORMAT = "dwarf-with-dsym";
				ENABLE_NS_ASSERTIONS = NO;
				ENABLE_STRICT_OBJC_MSGSEND = YES;
				GCC_C_LANGUAGE_STANDARD = gnu11;
				GCC_NO_COMMON_BLOCKS = YES;
				GCC_WARN_64_TO_32_BIT_CONVERSION = YES;
				GCC_WARN_ABOUT_RETURN_TYPE = YES_ERROR;
				GCC_WARN_UNDECLARED_SELECTOR = YES;
				GCC_WARN_UNINITIALIZED_AUTOS = YES_AGGRESSIVE;
				GCC_WARN_UNUSED_FUNCTION = YES;
				GCC_WARN_UNUSED_VARIABLE = YES;
				IPHONEOS_DEPLOYMENT_TARGET = 12.0;
				MTL_ENABLE_DEBUG_INFO = NO;
				MTL_FAST_MATH = YES;
				SDKROOT = iphoneos;
				VALIDATE_PRODUCT = YES;
			};
			name = Release;
		};
		8D990DBB2193D536008959C9 /* Debug */ = {
			isa = XCBuildConfiguration;
			buildSettings = {
				ASSETCATALOG_COMPILER_APPICON_NAME = AppIcon;
				CODE_SIGN_STYLE = Automatic;
				DEVELOPMENT_TEAM = 99BZ7YRVZ8;
				INFOPLIST_FILE = UDPServer/Info.plist;
				IPHONEOS_DEPLOYMENT_TARGET = 9.0;
				LD_RUNPATH_SEARCH_PATHS = (
					"$(inherited)",
					"@executable_path/Frameworks",
				);
				PRODUCT_BUNDLE_IDENTIFIER = com.lianchuang.UDPServer;
				PRODUCT_NAME = "$(TARGET_NAME)";
				TARGETED_DEVICE_FAMILY = "1,2";
			};
			name = Debug;
		};
		8D990DBC2193D536008959C9 /* Release */ = {
			isa = XCBuildConfiguration;
			buildSettings = {
				ASSETCATALOG_COMPILER_APPICON_NAME = AppIcon;
				CODE_SIGN_STYLE = Automatic;
				DEVELOPMENT_TEAM = 99BZ7YRVZ8;
				INFOPLIST_FILE = UDPServer/Info.plist;
				IPHONEOS_DEPLOYMENT_TARGET = 9.0;
				LD_RUNPATH_SEARCH_PATHS = (
					"$(inherited)",
					"@executable_path/Frameworks",
				);
				PRODUCT_BUNDLE_IDENTIFIER = com.lianchuang.UDPServer;
				PRODUCT_NAME = "$(TARGET_NAME)";
				TARGETED_DEVICE_FAMILY = "1,2";
			};
			name = Release;
		};
		8D990DBE2193D536008959C9 /* Debug */ = {
			isa = XCBuildConfiguration;
			buildSettings = {
				BUNDLE_LOADER = "$(TEST_HOST)";
				CODE_SIGN_STYLE = Automatic;
				DEVELOPMENT_TEAM = 99BZ7YRVZ8;
				INFOPLIST_FILE = UDPServerTests/Info.plist;
				LD_RUNPATH_SEARCH_PATHS = (
					"$(inherited)",
					"@executable_path/Frameworks",
					"@loader_path/Frameworks",
				);
				PRODUCT_BUNDLE_IDENTIFIER = com.lianchuang.UDPServerTests;
				PRODUCT_NAME = "$(TARGET_NAME)";
				TARGETED_DEVICE_FAMILY = "1,2";
				TEST_HOST = "$(BUILT_PRODUCTS_DIR)/UDPServer.app/UDPServer";
			};
			name = Debug;
		};
		8D990DBF2193D536008959C9 /* Release */ = {
			isa = XCBuildConfiguration;
			buildSettings = {
				BUNDLE_LOADER = "$(TEST_HOST)";
				CODE_SIGN_STYLE = Automatic;
				DEVELOPMENT_TEAM = 99BZ7YRVZ8;
				INFOPLIST_FILE = UDPServerTests/Info.plist;
				LD_RUNPATH_SEARCH_PATHS = (
					"$(inherited)",
					"@executable_path/Frameworks",
					"@loader_path/Frameworks",
				);
				PRODUCT_BUNDLE_IDENTIFIER = com.lianchuang.UDPServerTests;
				PRODUCT_NAME = "$(TARGET_NAME)";
				TARGETED_DEVICE_FAMILY = "1,2";
				TEST_HOST = "$(BUILT_PRODUCTS_DIR)/UDPServer.app/UDPServer";
			};
			name = Release;
		};
		8D990DC12193D536008959C9 /* Debug */ = {
			isa = XCBuildConfiguration;
			buildSettings = {
				CODE_SIGN_STYLE = Automatic;
				DEVELOPMENT_TEAM = 99BZ7YRVZ8;
				INFOPLIST_FILE = UDPServerUITests/Info.plist;
				LD_RUNPATH_SEARCH_PATHS = (
					"$(inherited)",
					"@executable_path/Frameworks",
					"@loader_path/Frameworks",
				);
				PRODUCT_BUNDLE_IDENTIFIER = com.lianchuang.UDPServerUITests;
				PRODUCT_NAME = "$(TARGET_NAME)";
				TARGETED_DEVICE_FAMILY = "1,2";
				TEST_TARGET_NAME = UDPServer;
			};
			name = Debug;
		};
		8D990DC22193D536008959C9 /* Release */ = {
			isa = XCBuildConfiguration;
			buildSettings = {
				CODE_SIGN_STYLE = Automatic;
				DEVELOPMENT_TEAM = 99BZ7YRVZ8;
				INFOPLIST_FILE = UDPServerUITests/Info.plist;
				LD_RUNPATH_SEARCH_PATHS = (
					"$(inherited)",
					"@executable_path/Frameworks",
					"@loader_path/Frameworks",
				);
				PRODUCT_BUNDLE_IDENTIFIER = com.lianchuang.UDPServerUITests;
				PRODUCT_NAME = "$(TARGET_NAME)";
				TARGETED_DEVICE_FAMILY = "1,2";
				TEST_TARGET_NAME = UDPServer;
			};
			name = Release;
		};
/* End XCBuildConfiguration section */

/* Begin XCConfigurationList section */
		8D990D892193D533008959C9 /* Build configuration list for PBXProject "UDPServer" */ = {
			isa = XCConfigurationList;
			buildConfigurations = (
				8D990DB82193D536008959C9 /* Debug */,
				8D990DB92193D536008959C9 /* Release */,
			);
			defaultConfigurationIsVisible = 0;
			defaultConfigurationName = Release;
		};
		8D990DBA2193D536008959C9 /* Build configuration list for PBXNativeTarget "UDPServer" */ = {
			isa = XCConfigurationList;
			buildConfigurations = (
				8D990DBB2193D536008959C9 /* Debug */,
				8D990DBC2193D536008959C9 /* Release */,
			);
			defaultConfigurationIsVisible = 0;
			defaultConfigurationName = Release;
		};
		8D990DBD2193D536008959C9 /* Build configuration list for PBXNativeTarget "UDPServerTests" */ = {
			isa = XCConfigurationList;
			buildConfigurations = (
				8D990DBE2193D536008959C9 /* Debug */,
				8D990DBF2193D536008959C9 /* Release */,
			);
			defaultConfigurationIsVisible = 0;
			defaultConfigurationName = Release;
		};
		8D990DC02193D536008959C9 /* Build configuration list for PBXNativeTarget "UDPServerUITests" */ = {
			isa = XCConfigurationList;
			buildConfigurations = (
				8D990DC12193D536008959C9 /* Debug */,
				8D990DC22193D536008959C9 /* Release */,
			);
			defaultConfigurationIsVisible = 0;
			defaultConfigurationName = Release;
		};
/* End XCConfigurationList section */
	};
	rootObject = 8D990D862193D533008959C9 /* Project object */;
}
